
Microsoft Visual Studio Solution File, Format Version 12.00
# Visual Studio Version 17
VisualStudioVersion = 17.1.32407.343
MinimumVisualStudioVersion = 10.0.40219.1
Project("{9A19103F-16F7-4668-BE54-9A1E7A4F7556}") = "AlbumCopa", "AlbumCopa\AlbumCopa.csproj", "{1FED8E30-B2E3-4259-9E96-7D592BE63BED}"
EndProject
Project("{FAE04EC0-301F-11D3-BF4B-00C04F79EFBC}") = "AlbumCopaClient", "AlbumCopaClient\AlbumCopaClient.csproj", "{931BC81F-3FDE-4FA1-8E08-60CFF7F5EF7C}"
EndProject
Global
	GlobalSection(SolutionConfigurationPlatforms) = preSolution
		Debug|Any CPU = Debug|Any CPU
		Release|Any CPU = Release|Any CPU
	EndGlobalSection
	GlobalSection(ProjectConfigurationPlatforms) = postSolution
		{1FED8E30-B2E3-4259-9E96-7D592BE63BED}.Debug|Any CPU.ActiveCfg = Debug|Any CPU
		{1FED8E30-B2E3-4259-9E96-7D592BE63BED}.Debug|Any CPU.Build.0 = Debug|Any CPU
		{1FED8E30-B2E3-4259-9E96-7D592BE63BED}.Release|Any CPU.ActiveCfg = Release|Any CPU
		{1FED8E30-B2E3-4259-9E96-7D592BE63BED}.Release|Any CPU.Build.0 = Release|Any CPU
		{931BC81F-3FDE-4FA1-8E08-60CFF7F5EF7C}.Debug|Any CPU.ActiveCfg = Debug|Any CPU
		{931BC81F-3FDE-4FA1-8E08-60CFF7F5EF7C}.Debug|Any CPU.Build.0 = Debug|Any CPU
		{931BC81F-3FDE-4FA1-8E08-60CFF7F5EF7C}.Release|Any CPU.ActiveCfg = Release|Any CPU
		{931BC81F-3FDE-4FA1-8E08-60CFF7F5EF7C}.Release|Any CPU.Build.0 = Release|Any CPU
	EndGlobalSection
	GlobalSection(SolutionProperties) = preSolution
		HideSolutionNode = FALSE
	EndGlobalSection
	GlobalSection(ExtensibilityGlobals) = postSolution
		SolutionGuid = {D81CFC09-EB66-473F-96A4-ACC5DCE33EAA}
	EndGlobalSection
EndGlobal
